// !$*UTF8*$!
{
	archiveVersion = 1;
	classes = {
	};
	objectVersion = 50;
	objects = {

/* Begin PBXBuildFile section */
		479756508ABA64E5DCE4C25D /* Pods_WeekOneAssignment.framework in Frameworks */ = {isa = PBXBuildFile; fileRef = 2D9B64C8A9ADECBB35205C2C /* Pods_WeekOneAssignment.framework */; };
		56CAD95E2152B9B80038169B /* MovieCell.swift in Sources */ = {isa = PBXBuildFile; fileRef = 56CAD95D2152B9B80038169B /* MovieCell.swift */; };
		56E0BDAF214ECCD60020ACD5 /* AppDelegate.swift in Sources */ = {isa = PBXBuildFile; fileRef = 56E0BDAE214ECCD60020ACD5 /* AppDelegate.swift */; };
		56E0BDB4214ECCD60020ACD5 /* Main.storyboard in Resources */ = {isa = PBXBuildFile; fileRef = 56E0BDB2214ECCD60020ACD5 /* Main.storyboard */; };
		56E0BDB6214ECCE90020ACD5 /* Assets.xcassets in Resources */ = {isa = PBXBuildFile; fileRef = 56E0BDB5214ECCE90020ACD5 /* Assets.xcassets */; };
		56E0BDB9214ECCE90020ACD5 /* LaunchScreen.storyboard in Resources */ = {isa = PBXBuildFile; fileRef = 56E0BDB7214ECCE90020ACD5 /* LaunchScreen.storyboard */; };
		56E0BDC4214ECCE90020ACD5 /* WeekOneAssignmentTests.swift in Sources */ = {isa = PBXBuildFile; fileRef = 56E0BDC3214ECCE90020ACD5 /* WeekOneAssignmentTests.swift */; };
		56E0BDCF214ECCE90020ACD5 /* WeekOneAssignmentUITests.swift in Sources */ = {isa = PBXBuildFile; fileRef = 56E0BDCE214ECCE90020ACD5 /* WeekOneAssignmentUITests.swift */; };
		56E0BDDD214ED41D0020ACD5 /* NowPlayingViewController.swift in Sources */ = {isa = PBXBuildFile; fileRef = 56E0BDDC214ED41D0020ACD5 /* NowPlayingViewController.swift */; };
		D2176E213BE27E1BBC54C3A9 /* Pods_WeekOneAssignmentUITests.framework in Frameworks */ = {isa = PBXBuildFile; fileRef = 2DCF085B61EB8A4FC7F63766 /* Pods_WeekOneAssignmentUITests.framework */; };
		DF27D3D0845F59B45DBDD3C6 /* Pods_WeekOneAssignmentTests.framework in Frameworks */ = {isa = PBXBuildFile; fileRef = 77E2CC7E8A575BED05FC92D2 /* Pods_WeekOneAssignmentTests.framework */; };
/* End PBXBuildFile section */

/* Begin PBXContainerItemProxy section */
		56E0BDC0214ECCE90020ACD5 /* PBXContainerItemProxy */ = {
			isa = PBXContainerItemProxy;
			containerPortal = 56E0BDA3214ECCD50020ACD5 /* Project object */;
			proxyType = 1;
			remoteGlobalIDString = 56E0BDAA214ECCD60020ACD5;
			remoteInfo = WeekOneAssignment;
		};
		56E0BDCB214ECCE90020ACD5 /* PBXContainerItemProxy */ = {
			isa = PBXContainerItemProxy;
			containerPortal = 56E0BDA3214ECCD50020ACD5 /* Project object */;
			proxyType = 1;
			remoteGlobalIDString = 56E0BDAA214ECCD60020ACD5;
			remoteInfo = WeekOneAssignment;
		};
/* End PBXContainerItemProxy section */

/* Begin PBXFileReference section */
		173F03C29FEE973E4772FF6A /* Pods-WeekOneAssignmentUITests.debug.xcconfig */ = {isa = PBXFileReference; includeInIndex = 1; lastKnownFileType = text.xcconfig; name = "Pods-WeekOneAssignmentUITests.debug.xcconfig"; path = "Pods/Target Support Files/Pods-WeekOneAssignmentUITests/Pods-WeekOneAssignmentUITests.debug.xcconfig"; sourceTree = "<group>"; };
		1945601DFA9AD43B7AAC29CC /* Pods-WeekOneAssignment.debug.xcconfig */ = {isa = PBXFileReference; includeInIndex = 1; lastKnownFileType = text.xcconfig; name = "Pods-WeekOneAssignment.debug.xcconfig"; path = "Pods/Target Support Files/Pods-WeekOneAssignment/Pods-WeekOneAssignment.debug.xcconfig"; sourceTree = "<group>"; };
		2D9B64C8A9ADECBB35205C2C /* Pods_WeekOneAssignment.framework */ = {isa = PBXFileReference; explicitFileType = wrapper.framework; includeInIndex = 0; path = Pods_WeekOneAssignment.framework; sourceTree = BUILT_PRODUCTS_DIR; };
		2DCF085B61EB8A4FC7F63766 /* Pods_WeekOneAssignmentUITests.framework */ = {isa = PBXFileReference; explicitFileType = wrapper.framework; includeInIndex = 0; path = Pods_WeekOneAssignmentUITests.framework; sourceTree = BUILT_PRODUCTS_DIR; };
		56CAD95D2152B9B80038169B /* MovieCell.swift */ = {isa = PBXFileReference; lastKnownFileType = sourcecode.swift; path = MovieCell.swift; sourceTree = "<group>"; };
		56E0BDAB214ECCD60020ACD5 /* WeekOneAssignment.app */ = {isa = PBXFileReference; explicitFileType = wrapper.application; includeInIndex = 0; path = WeekOneAssignment.app; sourceTree = BUILT_PRODUCTS_DIR; };
		56E0BDAE214ECCD60020ACD5 /* AppDelegate.swift */ = {isa = PBXFileReference; lastKnownFileType = sourcecode.swift; path = AppDelegate.swift; sourceTree = "<group>"; };
		56E0BDB3214ECCD60020ACD5 /* Base */ = {isa = PBXFileReference; lastKnownFileType = file.storyboard; name = Base; path = Base.lproj/Main.storyboard; sourceTree = "<group>"; };
		56E0BDB5214ECCE90020ACD5 /* Assets.xcassets */ = {isa = PBXFileReference; lastKnownFileType = folder.assetcatalog; path = Assets.xcassets; sourceTree = "<group>"; };
		56E0BDB8214ECCE90020ACD5 /* Base */ = {isa = PBXFileReference; lastKnownFileType = file.storyboard; name = Base; path = Base.lproj/LaunchScreen.storyboard; sourceTree = "<group>"; };
		56E0BDBA214ECCE90020ACD5 /* Info.plist */ = {isa = PBXFileReference; lastKnownFileType = text.plist.xml; path = Info.plist; sourceTree = "<group>"; };
		56E0BDBF214ECCE90020ACD5 /* WeekOneAssignmentTests.xctest */ = {isa = PBXFileReference; explicitFileType = wrapper.cfbundle; includeInIndex = 0; path = WeekOneAssignmentTests.xctest; sourceTree = BUILT_PRODUCTS_DIR; };
		56E0BDC3214ECCE90020ACD5 /* WeekOneAssignmentTests.swift */ = {isa = PBXFileReference; lastKnownFileType = sourcecode.swift; path = WeekOneAssignmentTests.swift; sourceTree = "<group>"; };
		56E0BDC5214ECCE90020ACD5 /* Info.plist */ = {isa = PBXFileReference; lastKnownFileType = text.plist.xml; path = Info.plist; sourceTree = "<group>"; };
		56E0BDCA214ECCE90020ACD5 /* WeekOneAssignmentUITests.xctest */ = {isa = PBXFileReference; explicitFileType = wrapper.cfbundle; includeInIndex = 0; path = WeekOneAssignmentUITests.xctest; sourceTree = BUILT_PRODUCTS_DIR; };
		56E0BDCE214ECCE90020ACD5 /* WeekOneAssignmentUITests.swift */ = {isa = PBXFileReference; lastKnownFileType = sourcecode.swift; path = WeekOneAssignmentUITests.swift; sourceTree = "<group>"; };
		56E0BDD0214ECCE90020ACD5 /* Info.plist */ = {isa = PBXFileReference; lastKnownFileType = text.plist.xml; path = Info.plist; sourceTree = "<group>"; };
		56E0BDDC214ED41D0020ACD5 /* NowPlayingViewController.swift */ = {isa = PBXFileReference; lastKnownFileType = sourcecode.swift; path = NowPlayingViewController.swift; sourceTree = "<group>"; };
		77E2CC7E8A575BED05FC92D2 /* Pods_WeekOneAssignmentTests.framework */ = {isa = PBXFileReference; explicitFileType = wrapper.framework; includeInIndex = 0; path = Pods_WeekOneAssignmentTests.framework; sourceTree = BUILT_PRODUCTS_DIR; };
		84C34761D8490283D16CE7D4 /* Pods-WeekOneAssignmentTests.debug.xcconfig */ = {isa = PBXFileReference; includeInIndex = 1; lastKnownFileType = text.xcconfig; name = "Pods-WeekOneAssignmentTests.debug.xcconfig"; path = "Pods/Target Support Files/Pods-WeekOneAssignmentTests/Pods-WeekOneAssignmentTests.debug.xcconfig"; sourceTree = "<group>"; };
		97AE29D640C711DCBBD80CFA /* Pods-WeekOneAssignmentUITests.release.xcconfig */ = {isa = PBXFileReference; includeInIndex = 1; lastKnownFileType = text.xcconfig; name = "Pods-WeekOneAssignmentUITests.release.xcconfig"; path = "Pods/Target Support Files/Pods-WeekOneAssignmentUITests/Pods-WeekOneAssignmentUITests.release.xcconfig"; sourceTree = "<group>"; };
		C73D5D8E393A79F5B809EF7C /* Pods-WeekOneAssignment.release.xcconfig */ = {isa = PBXFileReference; includeInIndex = 1; lastKnownFileType = text.xcconfig; name = "Pods-WeekOneAssignment.release.xcconfig"; path = "Pods/Target Support Files/Pods-WeekOneAssignment/Pods-WeekOneAssignment.release.xcconfig"; sourceTree = "<group>"; };
		FBD095F2DCCA37FF342CF343 /* Pods-WeekOneAssignmentTests.release.xcconfig */ = {isa = PBXFileReference; includeInIndex = 1; lastKnownFileType = text.xcconfig; name = "Pods-WeekOneAssignmentTests.release.xcconfig"; path = "Pods/Target Support Files/Pods-WeekOneAssignmentTests/Pods-WeekOneAssignmentTests.release.xcconfig"; sourceTree = "<group>"; };
/* End PBXFileReference section */

/* Begin PBXFrameworksBuildPhase section */
		56E0BDA8214ECCD60020ACD5 /* Frameworks */ = {
			isa = PBXFrameworksBuildPhase;
			buildActionMask = 2147483647;
			files = (
				479756508ABA64E5DCE4C25D /* Pods_WeekOneAssignment.framework in Frameworks */,
			);
			runOnlyForDeploymentPostprocessing = 0;
		};
		56E0BDBC214ECCE90020ACD5 /* Frameworks */ = {
			isa = PBXFrameworksBuildPhase;
			buildActionMask = 2147483647;
			files = (
				DF27D3D0845F59B45DBDD3C6 /* Pods_WeekOneAssignmentTests.framework in Frameworks */,
			);
			runOnlyForDeploymentPostprocessing = 0;
		};
		56E0BDC7214ECCE90020ACD5 /* Frameworks */ = {
			isa = PBXFrameworksBuildPhase;
			buildActionMask = 2147483647;
			files = (
				D2176E213BE27E1BBC54C3A9 /* Pods_WeekOneAssignmentUITests.framework in Frameworks */,
			);
			runOnlyForDeploymentPostprocessing = 0;
		};
/* End PBXFrameworksBuildPhase section */

/* Begin PBXGroup section */
		56E0BDA2214ECCD50020ACD5 = {
			isa = PBXGroup;
			children = (
				56E0BDAD214ECCD60020ACD5 /* WeekOneAssignment */,
				56E0BDC2214ECCE90020ACD5 /* WeekOneAssignmentTests */,
				56E0BDCD214ECCE90020ACD5 /* WeekOneAssignmentUITests */,
				56E0BDAC214ECCD60020ACD5 /* Products */,
				D5D9927156E17150000F4A89 /* Pods */,
				621AB44D6E1E379058168792 /* Frameworks */,
			);
			sourceTree = "<group>";
		};
		56E0BDAC214ECCD60020ACD5 /* Products */ = {
			isa = PBXGroup;
			children = (
				56E0BDAB214ECCD60020ACD5 /* WeekOneAssignment.app */,
				56E0BDBF214ECCE90020ACD5 /* WeekOneAssignmentTests.xctest */,
				56E0BDCA214ECCE90020ACD5 /* WeekOneAssignmentUITests.xctest */,
			);
			name = Products;
			sourceTree = "<group>";
		};
		56E0BDAD214ECCD60020ACD5 /* WeekOneAssignment */ = {
			isa = PBXGroup;
			children = (
				56E0BDAE214ECCD60020ACD5 /* AppDelegate.swift */,
				56E0BDDC214ED41D0020ACD5 /* NowPlayingViewController.swift */,
				56E0BDB2214ECCD60020ACD5 /* Main.storyboard */,
				56E0BDB5214ECCE90020ACD5 /* Assets.xcassets */,
				56E0BDB7214ECCE90020ACD5 /* LaunchScreen.storyboard */,
				56E0BDBA214ECCE90020ACD5 /* Info.plist */,
				56CAD95D2152B9B80038169B /* MovieCell.swift */,
			);
			path = WeekOneAssignment;
			sourceTree = "<group>";
		};
		56E0BDC2214ECCE90020ACD5 /* WeekOneAssignmentTests */ = {
			isa = PBXGroup;
			children = (
				56E0BDC3214ECCE90020ACD5 /* WeekOneAssignmentTests.swift */,
				56E0BDC5214ECCE90020ACD5 /* Info.plist */,
			);
			path = WeekOneAssignmentTests;
			sourceTree = "<group>";
		};
		56E0BDCD214ECCE90020ACD5 /* WeekOneAssignmentUITests */ = {
			isa = PBXGroup;
			children = (
				56E0BDCE214ECCE90020ACD5 /* WeekOneAssignmentUITests.swift */,
				56E0BDD0214ECCE90020ACD5 /* Info.plist */,
			);
			path = WeekOneAssignmentUITests;
			sourceTree = "<group>";
		};
		621AB44D6E1E379058168792 /* Frameworks */ = {
			isa = PBXGroup;
			children = (
				2D9B64C8A9ADECBB35205C2C /* Pods_WeekOneAssignment.framework */,
				77E2CC7E8A575BED05FC92D2 /* Pods_WeekOneAssignmentTests.framework */,
				2DCF085B61EB8A4FC7F63766 /* Pods_WeekOneAssignmentUITests.framework */,
			);
			name = Frameworks;
			sourceTree = "<group>";
		};
		D5D9927156E17150000F4A89 /* Pods */ = {
			isa = PBXGroup;
			children = (
				1945601DFA9AD43B7AAC29CC /* Pods-WeekOneAssignment.debug.xcconfig */,
				C73D5D8E393A79F5B809EF7C /* Pods-WeekOneAssignment.release.xcconfig */,
				84C34761D8490283D16CE7D4 /* Pods-WeekOneAssignmentTests.debug.xcconfig */,
				FBD095F2DCCA37FF342CF343 /* Pods-WeekOneAssignmentTests.release.xcconfig */,
				173F03C29FEE973E4772FF6A /* Pods-WeekOneAssignmentUITests.debug.xcconfig */,
				97AE29D640C711DCBBD80CFA /* Pods-WeekOneAssignmentUITests.release.xcconfig */,
			);
			name = Pods;
			sourceTree = "<group>";
		};
/* End PBXGroup section */

/* Begin PBXNativeTarget section */
		56E0BDAA214ECCD60020ACD5 /* WeekOneAssignment */ = {
			isa = PBXNativeTarget;
			buildConfigurationList = 56E0BDD3214ECCE90020ACD5 /* Build configuration list for PBXNativeTarget "WeekOneAssignment" */;
			buildPhases = (
				87FC29D13529C6786B3AC5DF /* [CP] Check Pods Manifest.lock */,
				56E0BDA7214ECCD60020ACD5 /* Sources */,
				56E0BDA8214ECCD60020ACD5 /* Frameworks */,
				56E0BDA9214ECCD60020ACD5 /* Resources */,
				CA88CA3EF8F96BEC01842FC2 /* [CP] Embed Pods Frameworks */,
			);
			buildRules = (
			);
			dependencies = (
			);
			name = WeekOneAssignment;
			productName = WeekOneAssignment;
			productReference = 56E0BDAB214ECCD60020ACD5 /* WeekOneAssignment.app */;
			productType = "com.apple.product-type.application";
		};
		56E0BDBE214ECCE90020ACD5 /* WeekOneAssignmentTests */ = {
			isa = PBXNativeTarget;
			buildConfigurationList = 56E0BDD6214ECCE90020ACD5 /* Build configuration list for PBXNativeTarget "WeekOneAssignmentTests" */;
			buildPhases = (
				7F59F215C388775BBB1BA690 /* [CP] Check Pods Manifest.lock */,
				56E0BDBB214ECCE90020ACD5 /* Sources */,
				56E0BDBC214ECCE90020ACD5 /* Frameworks */,
				56E0BDBD214ECCE90020ACD5 /* Resources */,
			);
			buildRules = (
			);
			dependencies = (
				56E0BDC1214ECCE90020ACD5 /* PBXTargetDependency */,
			);
			name = WeekOneAssignmentTests;
			productName = WeekOneAssignmentTests;
			productReference = 56E0BDBF214ECCE90020ACD5 /* WeekOneAssignmentTests.xctest */;
			productType = "com.apple.product-type.bundle.unit-test";
		};
		56E0BDC9214ECCE90020ACD5 /* WeekOneAssignmentUITests */ = {
			isa = PBXNativeTarget;
			buildConfigurationList = 56E0BDD9214ECCE90020ACD5 /* Build configuration list for PBXNativeTarget "WeekOneAssignmentUITests" */;
			buildPhases = (
				B537B7474DA28637B2D11428 /* [CP] Check Pods Manifest.lock */,
				56E0BDC6214ECCE90020ACD5 /* Sources */,
				56E0BDC7214ECCE90020ACD5 /* Frameworks */,
				56E0BDC8214ECCE90020ACD5 /* Resources */,
			);
			buildRules = (
			);
			dependencies = (
				56E0BDCC214ECCE90020ACD5 /* PBXTargetDependency */,
			);
			name = WeekOneAssignmentUITests;
			productName = WeekOneAssignmentUITests;
			productReference = 56E0BDCA214ECCE90020ACD5 /* WeekOneAssignmentUITests.xctest */;
			productType = "com.apple.product-type.bundle.ui-testing";
		};
/* End PBXNativeTarget section */

/* Begin PBXProject section */
		56E0BDA3214ECCD50020ACD5 /* Project object */ = {
			isa = PBXProject;
			attributes = {
				LastSwiftUpdateCheck = 0940;
				LastUpgradeCheck = 0940;
				ORGANIZATIONNAME = "Busayo Phillips";
				TargetAttributes = {
					56E0BDAA214ECCD60020ACD5 = {
						CreatedOnToolsVersion = 9.4.1;
					};
					56E0BDBE214ECCE90020ACD5 = {
						CreatedOnToolsVersion = 9.4.1;
						TestTargetID = 56E0BDAA214ECCD60020ACD5;
					};
					56E0BDC9214ECCE90020ACD5 = {
						CreatedOnToolsVersion = 9.4.1;
						TestTargetID = 56E0BDAA214ECCD60020ACD5;
					};
				};
			};
			buildConfigurationList = 56E0BDA6214ECCD50020ACD5 /* Build configuration list for PBXProject "WeekOneAssignment" */;
			compatibilityVersion = "Xcode 9.3";
			developmentRegion = en;
			hasScannedForEncodings = 0;
			knownRegions = (
				en,
				Base,
			);
			mainGroup = 56E0BDA2214ECCD50020ACD5;
			productRefGroup = 56E0BDAC214ECCD60020ACD5 /* Products */;
			projectDirPath = "";
			projectRoot = "";
			targets = (
				56E0BDAA214ECCD60020ACD5 /* WeekOneAssignment */,
				56E0BDBE214ECCE90020ACD5 /* WeekOneAssignmentTests */,
				56E0BDC9214ECCE90020ACD5 /* WeekOneAssignmentUITests */,
			);
		};
/* End PBXProject section */

/* Begin PBXResourcesBuildPhase section */
		56E0BDA9214ECCD60020ACD5 /* Resources */ = {
			isa = PBXResourcesBuildPhase;
			buildActionMask = 2147483647;
			files = (
				56E0BDB9214ECCE90020ACD5 /* LaunchScreen.storyboard in Resources */,
				56E0BDB6214ECCE90020ACD5 /* Assets.xcassets in Resources */,
				56E0BDB4214ECCD60020ACD5 /* Main.storyboard in Resources */,
			);
			runOnlyForDeploymentPostprocessing = 0;
		};
		56E0BDBD214ECCE90020ACD5 /* Resources */ = {
			isa = PBXResourcesBuildPhase;
			buildActionMask = 2147483647;
			files = (
			);
			runOnlyForDeploymentPostprocessing = 0;
		};
		56E0BDC8214ECCE90020ACD5 /* Resources */ = {
			isa = PBXResourcesBuildPhase;
			buildActionMask = 2147483647;
			files = (
			);
			runOnlyForDeploymentPostprocessing = 0;
		};
/* End PBXResourcesBuildPhase section */

/* Begin PBXShellScriptBuildPhase section */
		7F59F215C388775BBB1BA690 /* [CP] Check Pods Manifest.lock */ = {
			isa = PBXShellScriptBuildPhase;
			buildActionMask = 2147483647;
			files = (
			);
			inputFileListPaths = (
			);
			inputPaths = (
				"${PODS_PODFILE_DIR_PATH}/Podfile.lock",
				"${PODS_ROOT}/Manifest.lock",
			);
			name = "[CP] Check Pods Manifest.lock";
			outputFileListPaths = (
			);
			outputPaths = (
				"$(DERIVED_FILE_DIR)/Pods-WeekOneAssignmentTests-checkManifestLockResult.txt",
			);
			runOnlyForDeploymentPostprocessing = 0;
			shellPath = /bin/sh;
			shellScript = "diff \"${PODS_PODFILE_DIR_PATH}/Podfile.lock\" \"${PODS_ROOT}/Manifest.lock\" > /dev/null\nif [ $? != 0 ] ; then\n    # print error to STDERR\n    echo \"error: The sandbox is not in sync with the Podfile.lock. Run 'pod install' or update your CocoaPods installation.\" >&2\n    exit 1\nfi\n# This output is used by Xcode 'outputs' to avoid re-running this script phase.\necho \"SUCCESS\" > \"${SCRIPT_OUTPUT_FILE_0}\"\n";
			showEnvVarsInLog = 0;
		};
		87FC29D13529C6786B3AC5DF /* [CP] Check Pods Manifest.lock */ = {
			isa = PBXShellScriptBuildPhase;
			buildActionMask = 2147483647;
			files = (
			);
			inputFileListPaths = (
			);
			inputPaths = (
				"${PODS_PODFILE_DIR_PATH}/Podfile.lock",
				"${PODS_ROOT}/Manifest.lock",
			);
			name = "[CP] Check Pods Manifest.lock";
			outputFileListPaths = (
			);
			outputPaths = (
				"$(DERIVED_FILE_DIR)/Pods-WeekOneAssignment-checkManifestLockResult.txt",
			);
			runOnlyForDeploymentPostprocessing = 0;
			shellPath = /bin/sh;
			shellScript = "diff \"${PODS_PODFILE_DIR_PATH}/Podfile.lock\" \"${PODS_ROOT}/Manifest.lock\" > /dev/null\nif [ $? != 0 ] ; then\n    # print error to STDERR\n    echo \"error: The sandbox is not in sync with the Podfile.lock. Run 'pod install' or update your CocoaPods installation.\" >&2\n    exit 1\nfi\n# This output is used by Xcode 'outputs' to avoid re-running this script phase.\necho \"SUCCESS\" > \"${SCRIPT_OUTPUT_FILE_0}\"\n";
			showEnvVarsInLog = 0;
		};
		B537B7474DA28637B2D11428 /* [CP] Check Pods Manifest.lock */ = {
			isa = PBXShellScriptBuildPhase;
			buildActionMask = 2147483647;
			files = (
			);
			inputFileListPaths = (
			);
			inputPaths = (
				"${PODS_PODFILE_DIR_PATH}/Podfile.lock",
				"${PODS_ROOT}/Manifest.lock",
			);
			name = "[CP] Check Pods Manifest.lock";
			outputFileListPaths = (
			);
			outputPaths = (
				"$(DERIVED_FILE_DIR)/Pods-WeekOneAssignmentUITests-checkManifestLockResult.txt",
			);
			runOnlyForDeploymentPostprocessing = 0;
			shellPath = /bin/sh;
			shellScript = "diff \"${PODS_PODFILE_DIR_PATH}/Podfile.lock\" \"${PODS_ROOT}/Manifest.lock\" > /dev/null\nif [ $? != 0 ] ; then\n    # print error to STDERR\n    echo \"error: The sandbox is not in sync with the Podfile.lock. Run 'pod install' or update your CocoaPods installation.\" >&2\n    exit 1\nfi\n# This output is used by Xcode 'outputs' to avoid re-running this script phase.\necho \"SUCCESS\" > \"${SCRIPT_OUTPUT_FILE_0}\"\n";
			showEnvVarsInLog = 0;
		};
		CA88CA3EF8F96BEC01842FC2 /* [CP] Embed Pods Frameworks */ = {
			isa = PBXShellScriptBuildPhase;
			buildActionMask = 2147483647;
			files = (
			);
			inputFileListPaths = (
			);
			inputPaths = (
				"${SRCROOT}/Pods/Target Support Files/Pods-WeekOneAssignment/Pods-WeekOneAssignment-frameworks.sh",
				"${BUILT_PRODUCTS_DIR}/Alamofire/Alamofire.framework",
				"${BUILT_PRODUCTS_DIR}/AlamofireImage/AlamofireImage.framework",
			);
			name = "[CP] Embed Pods Frameworks";
			outputFileListPaths = (
			);
			outputPaths = (
				"${TARGET_BUILD_DIR}/${FRAMEWORKS_FOLDER_PATH}/Alamofire.framework",
				"${TARGET_BUILD_DIR}/${FRAMEWORKS_FOLDER_PATH}/AlamofireImage.framework",
			);
			runOnlyForDeploymentPostprocessing = 0;
			shellPath = /bin/sh;
			shellScript = "\"${SRCROOT}/Pods/Target Support Files/Pods-WeekOneAssignment/Pods-WeekOneAssignment-frameworks.sh\"\n";
			showEnvVarsInLog = 0;
		};
/* End PBXShellScriptBuildPhase section */

/* Begin PBXSourcesBuildPhase section */
		56E0BDA7214ECCD60020ACD5 /* Sources */ = {
			isa = PBXSourcesBuildPhase;
			buildActionMask = 2147483647;
			files = (
				56E0BDDD214ED41D0020ACD5 /* NowPlayingViewController.swift in Sources */,
				56E0BDAF214ECCD60020ACD5 /* AppDelegate.swift in Sources */,
				56CAD95E2152B9B80038169B /* MovieCell.swift in Sources */,
			);
			runOnlyForDeploymentPostprocessing = 0;
		};
		56E0BDBB214ECCE90020ACD5 /* Sources */ = {
			isa = PBXSourcesBuildPhase;
			buildActionMask = 2147483647;
			files = (
				56E0BDC4214ECCE90020ACD5 /* WeekOneAssignmentTests.swift in Sources */,
			);
			runOnlyForDeploymentPostprocessing = 0;
		};
		56E0BDC6214ECCE90020ACD5 /* Sources */ = {
			isa = PBXSourcesBuildPhase;
			buildActionMask = 2147483647;
			files = (
				56E0BDCF214ECCE90020ACD5 /* WeekOneAssignmentUITests.swift in Sources */,
			);
			runOnlyForDeploymentPostprocessing = 0;
		};
/* End PBXSourcesBuildPhase section */

/* Begin PBXTargetDependency section */
		56E0BDC1214ECCE90020ACD5 /* PBXTargetDependency */ = {
			isa = PBXTargetDependency;
			target = 56E0BDAA214ECCD60020ACD5 /* WeekOneAssignment */;
			targetProxy = 56E0BDC0214ECCE90020ACD5 /* PBXContainerItemProxy */;
		};
		56E0BDCC214ECCE90020ACD5 /* PBXTargetDependency */ = {
			isa = PBXTargetDependency;
			target = 56E0BDAA214ECCD60020ACD5 /* WeekOneAssignment */;
			targetProxy = 56E0BDCB214ECCE90020ACD5 /* PBXContainerItemProxy */;
		};
/* End PBXTargetDependency section */

/* Begin PBXVariantGroup section */
		56E0BDB2214ECCD60020ACD5 /* Main.storyboard */ = {
			isa = PBXVariantGroup;
			children = (
				56E0BDB3214ECCD60020ACD5 /* Base */,
			);
			name = Main.storyboard;
			sourceTree = "<group>";
		};
		56E0BDB7214ECCE90020ACD5 /* LaunchScreen.storyboard */ = {
			isa = PBXVariantGroup;
			children = (
				56E0BDB8214ECCE90020ACD5 /* Base */,
			);
			name = LaunchScreen.storyboard;
			sourceTree = "<group>";
		};
/* End PBXVariantGroup section */

/* Begin XCBuildConfiguration section */
		56E0BDD1214ECCE90020ACD5 /* Debug */ = {
			isa = XCBuildConfiguration;
			buildSettings = {
				ALWAYS_SEARCH_USER_PATHS = NO;
				CLANG_ANALYZER_NONNULL = YES;
				CLANG_ANALYZER_NUMBER_OBJECT_CONVERSION = YES_AGGRESSIVE;
				CLANG_CXX_LANGUAGE_STANDARD = "gnu++14";
				CLANG_CXX_LIBRARY = "libc++";
				CLANG_ENABLE_MODULES = YES;
				CLANG_ENABLE_OBJC_ARC = YES;
				CLANG_ENABLE_OBJC_WEAK = YES;
				CLANG_WARN_BLOCK_CAPTURE_AUTORELEASING = YES;
				CLANG_WARN_BOOL_CONVERSION = YES;
				CLANG_WARN_COMMA = YES;
				CLANG_WARN_CONSTANT_CONVERSION = YES;
				CLANG_WARN_DEPRECATED_OBJC_IMPLEMENTATIONS = YES;
				CLANG_WARN_DIRECT_OBJC_ISA_USAGE = YES_ERROR;
				CLANG_WARN_DOCUMENTATION_COMMENTS = YES;
				CLANG_WARN_EMPTY_BODY = YES;
				CLANG_WARN_ENUM_CONVERSION = YES;
				CLANG_WARN_INFINITE_RECURSION = YES;
				CLANG_WARN_INT_CONVERSION = YES;
				CLANG_WARN_NON_LITERAL_NULL_CONVERSION = YES;
				CLANG_WARN_OBJC_IMPLICIT_RETAIN_SELF = YES;
				CLANG_WARN_OBJC_LITERAL_CONVERSION = YES;
				CLANG_WARN_OBJC_ROOT_CLASS = YES_ERROR;
				CLANG_WARN_RANGE_LOOP_ANALYSIS = YES;
				CLANG_WARN_STRICT_PROTOTYPES = YES;
				CLANG_WARN_SUSPICIOUS_MOVE = YES;
				CLANG_WARN_UNGUARDED_AVAILABILITY = YES_AGGRESSIVE;
				CLANG_WARN_UNREACHABLE_CODE = YES;
				CLANG_WARN__DUPLICATE_METHOD_MATCH = YES;
				CODE_SIGN_IDENTITY = "iPhone Developer";
				COPY_PHASE_STRIP = NO;
				DEBUG_INFORMATION_FORMAT = dwarf;
				ENABLE_STRICT_OBJC_MSGSEND = YES;
				ENABLE_TESTABILITY = YES;
				GCC_C_LANGUAGE_STANDARD = gnu11;
				GCC_DYNAMIC_NO_PIC = NO;
				GCC_NO_COMMON_BLOCKS = YES;
				GCC_OPTIMIZATION_LEVEL = 0;
				GCC_PREPROCESSOR_DEFINITIONS = (
					"DEBUG=1",
					"$(inherited)",
				);
				GCC_WARN_64_TO_32_BIT_CONVERSION = YES;
				GCC_WARN_ABOUT_RETURN_TYPE = YES_ERROR;
				GCC_WARN_UNDECLARED_SELECTOR = YES;
				GCC_WARN_UNINITIALIZED_AUTOS = YES_AGGRESSIVE;
				GCC_WARN_UNUSED_FUNCTION = YES;
				GCC_WARN_UNUSED_VARIABLE = YES;
				IPHONEOS_DEPLOYMENT_TARGET = 11.4;
				MTL_ENABLE_DEBUG_INFO = YES;
				ONLY_ACTIVE_ARCH = YES;
				SDKROOT = iphoneos;
				SWIFT_ACTIVE_COMPILATION_CONDITIONS = DEBUG;
				SWIFT_OPTIMIZATION_LEVEL = "-Onone";
			};
			name = Debug;
		};
		56E0BDD2214ECCE90020ACD5 /* Release */ = {
			isa = XCBuildConfiguration;
			buildSettings = {
				ALWAYS_SEARCH_USER_PATHS = NO;
				CLANG_ANALYZER_NONNULL = YES;
				CLANG_ANALYZER_NUMBER_OBJECT_CONVERSION = YES_AGGRESSIVE;
				CLANG_CXX_LANGUAGE_STANDARD = "gnu++14";
				CLANG_CXX_LIBRARY = "libc++";
				CLANG_ENABLE_MODULES = YES;
				CLANG_ENABLE_OBJC_ARC = YES;
				CLANG_ENABLE_OBJC_WEAK = YES;
				CLANG_WARN_BLOCK_CAPTURE_AUTORELEASING = YES;
				CLANG_WARN_BOOL_CONVERSION = YES;
				CLANG_WARN_COMMA = YES;
				CLANG_WARN_CONSTANT_CONVERSION = YES;
				CLANG_WARN_DEPRECATED_OBJC_IMPLEMENTATIONS = YES;
				CLANG_WARN_DIRECT_OBJC_ISA_USAGE = YES_ERROR;
				CLANG_WARN_DOCUMENTATION_COMMENTS = YES;
				CLANG_WARN_EMPTY_BODY = YES;
				CLANG_WARN_ENUM_CONVERSION = YES;
				CLANG_WARN_INFINITE_RECURSION = YES;
				CLANG_WARN_INT_CONVERSION = YES;
				CLANG_WARN_NON_LITERAL_NULL_CONVERSION = YES;
				CLANG_WARN_OBJC_IMPLICIT_RETAIN_SELF = YES;
				CLANG_WARN_OBJC_LITERAL_CONVERSION = YES;
				CLANG_WARN_OBJC_ROOT_CLASS = YES_ERROR;
				CLANG_WARN_RANGE_LOOP_ANALYSIS = YES;
				CLANG_WARN_STRICT_PROTOTYPES = YES;
				CLANG_WARN_SUSPICIOUS_MOVE = YES;
				CLANG_WARN_UNGUARDED_AVAILABILITY = YES_AGGRESSIVE;
				CLANG_WARN_UNREACHABLE_CODE = YES;
				CLANG_WARN__DUPLICATE_METHOD_MATCH = YES;
				CODE_SIGN_IDENTITY = "iPhone Developer";
				COPY_PHASE_STRIP = NO;
				DEBUG_INFORMATION_FORMAT = "dwarf-with-dsym";
				ENABLE_NS_ASSERTIONS = NO;
				ENABLE_STRICT_OBJC_MSGSEND = YES;
				GCC_C_LANGUAGE_STANDARD = gnu11;
				GCC_NO_COMMON_BLOCKS = YES;
				GCC_WARN_64_TO_32_BIT_CONVERSION = YES;
				GCC_WARN_ABOUT_RETURN_TYPE = YES_ERROR;
				GCC_WARN_UNDECLARED_SELECTOR = YES;
				GCC_WARN_UNINITIALIZED_AUTOS = YES_AGGRESSIVE;
				GCC_WARN_UNUSED_FUNCTION = YES;
				GCC_WARN_UNUSED_VARIABLE = YES;
				IPHONEOS_DEPLOYMENT_TARGET = 11.4;
				MTL_ENABLE_DEBUG_INFO = NO;
				SDKROOT = iphoneos;
				SWIFT_COMPILATION_MODE = wholemodule;
				SWIFT_OPTIMIZATION_LEVEL = "-O";
				VALIDATE_PRODUCT = YES;
			};
			name = Release;
		};
		56E0BDD4214ECCE90020ACD5 /* Debug */ = {
			isa = XCBuildConfiguration;
			baseConfigurationReference = 1945601DFA9AD43B7AAC29CC /* Pods-WeekOneAssignment.debug.xcconfig */;
			buildSettings = {
				ASSETCATALOG_COMPILER_APPICON_NAME = AppIcon;
				CODE_SIGN_STYLE = Automatic;
				DEVELOPMENT_TEAM = BDPC29Y8W7;
				INFOPLIST_FILE = WeekOneAssignment/Info.plist;
				LD_RUNPATH_SEARCH_PATHS = (
					"$(inherited)",
					"@executable_path/Frameworks",
				);
				PRODUCT_BUNDLE_IDENTIFIER = "com-codepath.WeekOneAssignment";
				PRODUCT_NAME = "$(TARGET_NAME)";
				SWIFT_VERSION = 4.0;
				TARGETED_DEVICE_FAMILY = "1,2";
			};
			name = Debug;
		};
		56E0BDD5214ECCE90020ACD5 /* Release */ = {
			isa = XCBuildConfiguration;
			baseConfigurationReference = C73D5D8E393A79F5B809EF7C /* Pods-WeekOneAssignment.release.xcconfig */;
			buildSettings = {
				ASSETCATALOG_COMPILER_APPICON_NAME = AppIcon;
				CODE_SIGN_STYLE = Automatic;
				DEVELOPMENT_TEAM = BDPC29Y8W7;
				INFOPLIST_FILE = WeekOneAssignment/Info.plist;
				LD_RUNPATH_SEARCH_PATHS = (
					"$(inherited)",
					"@executable_path/Frameworks",
				);
				PRODUCT_BUNDLE_IDENTIFIER = "com-codepath.WeekOneAssignment";
				PRODUCT_NAME = "$(TARGET_NAME)";
				SWIFT_VERSION = 4.0;
				TARGETED_DEVICE_FAMILY = "1,2";
			};
			name = Release;
		};
		56E0BDD7214ECCE90020ACD5 /* Debug */ = {
			isa = XCBuildConfiguration;
			baseConfigurationReference = 84C34761D8490283D16CE7D4 /* Pods-WeekOneAssignmentTests.debug.xcconfig */;
			buildSettings = {
				ALWAYS_EMBED_SWIFT_STANDARD_LIBRARIES = YES;
				BUNDLE_LOADER = "$(TEST_HOST)";
				CODE_SIGN_STYLE = Automatic;
				DEVELOPMENT_TEAM = BDPC29Y8W7;
				INFOPLIST_FILE = WeekOneAssignmentTests/Info.plist;
				LD_RUNPATH_SEARCH_PATHS = (
					"$(inherited)",
					"@executable_path/Frameworks",
					"@loader_path/Frameworks",
				);
				PRODUCT_BUNDLE_IDENTIFIER = "com-codepath.WeekOneAssignmentTests";
				PRODUCT_NAME = "$(TARGET_NAME)";
				SWIFT_VERSION = 4.0;
				TARGETED_DEVICE_FAMILY = "1,2";
				TEST_HOST = "$(BUILT_PRODUCTS_DIR)/WeekOneAssignment.app/WeekOneAssignment";
			};
			name = Debug;
		};
		56E0BDD8214ECCE90020ACD5 /* Release */ = {
			isa = XCBuildConfiguration;
			baseConfigurationReference = FBD095F2DCCA37FF342CF343 /* Pods-WeekOneAssignmentTests.release.xcconfig */;
			buildSettings = {
				ALWAYS_EMBED_SWIFT_STANDARD_LIBRARIES = YES;
				BUNDLE_LOADER = "$(TEST_HOST)";
				CODE_SIGN_STYLE = Automatic;
				DEVELOPMENT_TEAM = BDPC29Y8W7;
				INFOPLIST_FILE = WeekOneAssignmentTests/Info.plist;
				LD_RUNPATH_SEARCH_PATHS = (
					"$(inherited)",
					"@executable_path/Frameworks",
					"@loader_path/Frameworks",
				);
				PRODUCT_BUNDLE_IDENTIFIER = "com-codepath.WeekOneAssignmentTests";
				PRODUCT_NAME = "$(TARGET_NAME)";
				SWIFT_VERSION = 4.0;
				TARGETED_DEVICE_FAMILY = "1,2";
				TEST_HOST = "$(BUILT_PRODUCTS_DIR)/WeekOneAssignment.app/WeekOneAssignment";
			};
			name = Release;
		};
		56E0BDDA214ECCE90020ACD5 /* Debug */ = {
			isa = XCBuildConfiguration;
			baseConfigurationReference = 173F03C29FEE973E4772FF6A /* Pods-WeekOneAssignmentUITests.debug.xcconfig */;
			buildSettings = {
				ALWAYS_EMBED_SWIFT_STANDARD_LIBRARIES = YES;
				CODE_SIGN_STYLE = Automatic;
				DEVELOPMENT_TEAM = BDPC29Y8W7;
				INFOPLIST_FILE = WeekOneAssignmentUITests/Info.plist;
				LD_RUNPATH_SEARCH_PATHS = (
					"$(inherited)",
					"@executable_path/Frameworks",
					"@loader_path/Frameworks",
				);
				PRODUCT_BUNDLE_IDENTIFIER = "com-codepath.WeekOneAssignmentUITests";
				PRODUCT_NAME = "$(TARGET_NAME)";
				SWIFT_VERSION = 4.0;
				TARGETED_DEVICE_FAMILY = "1,2";
				TEST_TARGET_NAME = WeekOneAssignment;
			};
			name = Debug;
		};
		56E0BDDB214ECCE90020ACD5 /* Release */ = {
			isa = XCBuildConfiguration;
			baseConfigurationReference = 97AE29D640C711DCBBD80CFA /* Pods-WeekOneAssignmentUITests.release.xcconfig */;
			buildSettings = {
				ALWAYS_EMBED_SWIFT_STANDARD_LIBRARIES = YES;
				CODE_SIGN_STYLE = Automatic;
				DEVELOPMENT_TEAM = BDPC29Y8W7;
				INFOPLIST_FILE = WeekOneAssignmentUITests/Info.plist;
				LD_RUNPATH_SEARCH_PATHS = (
					"$(inherited)",
					"@executable_path/Frameworks",
					"@loader_path/Frameworks",
				);
				PRODUCT_BUNDLE_IDENTIFIER = "com-codepath.WeekOneAssignmentUITests";
				PRODUCT_NAME = "$(TARGET_NAME)";
				SWIFT_VERSION = 4.0;
				TARGETED_DEVICE_FAMILY = "1,2";
				TEST_TARGET_NAME = WeekOneAssignment;
			};
			name = Release;
		};
/* End XCBuildConfiguration section */

/* Begin XCConfigurationList section */
		56E0BDA6214ECCD50020ACD5 /* Build configuration list for PBXProject "WeekOneAssignment" */ = {
			isa = XCConfigurationList;
			buildConfigurations = (
				56E0BDD1214ECCE90020ACD5 /* Debug */,
				56E0BDD2214ECCE90020ACD5 /* Release */,
			);
			defaultConfigurationIsVisible = 0;
			defaultConfigurationName = Release;
		};
		56E0BDD3214ECCE90020ACD5 /* Build configuration list for PBXNativeTarget "WeekOneAssignment" */ = {
			isa = XCConfigurationList;
			buildConfigurations = (
				56E0BDD4214ECCE90020ACD5 /* Debug */,
				56E0BDD5214ECCE90020ACD5 /* Release */,
			);
			defaultConfigurationIsVisible = 0;
			defaultConfigurationName = Release;
		};
		56E0BDD6214ECCE90020ACD5 /* Build configuration list for PBXNativeTarget "WeekOneAssignmentTests" */ = {
			isa = XCConfigurationList;
			buildConfigurations = (
				56E0BDD7214ECCE90020ACD5 /* Debug */,
				56E0BDD8214ECCE90020ACD5 /* Release */,
			);
			defaultConfigurationIsVisible = 0;
			defaultConfigurationName = Release;
		};
		56E0BDD9214ECCE90020ACD5 /* Build configuration list for PBXNativeTarget "WeekOneAssignmentUITests" */ = {
			isa = XCConfigurationList;
			buildConfigurations = (
				56E0BDDA214ECCE90020ACD5 /* Debug */,
				56E0BDDB214ECCE90020ACD5 /* Release */,
			);
			defaultConfigurationIsVisible = 0;
			defaultConfigurationName = Release;
		};
/* End XCConfigurationList section */
	};
	rootObject = 56E0BDA3214ECCD50020ACD5 /* Project object */;
}
